%{
  "ex2ms": {:hex, :ex2ms, "1.6.0", "f39bbd9ff1b0f27b3f707bab2d167066dd8965e7df1149b962d94c74615d0e09", [:mix], [], "hexpm", "0d1ab5e08421af5cd69146efb408dbb1ff77f38a2f4df5f086f2512dc8cf65bf"},
  "ex_shards": {:hex, :ex_shards, "0.2.1", "65c14d5ae71d6c4b617531f29923f8e57007e5b9874c100a11163c55ec0c7b21", [:mix], [{:ex2ms, "~> 1.4", [hex: :ex2ms, repo: "hexpm", optional: false]}, {:shards, "~> 0.5", [hex: :shards, repo: "hexpm", optional: false]}], "hexpm", "e81a99fc702a90a35b4059dee0c707f05060d27f3820af5c4fe0e1e2dc258dbf"},
  "shards": {:hex, :shards, "0.6.2", "e05d05537883220c3b8a8f9d40d5c8ba7ff6064c63ebb6b23046972f6863b2d1", [:make, :rebar3], [], "hexpm", "58afa3712f1f1256a2a15e39fa95b7cd758087aaa7a25beaf786daabd87890f0"},
}
